
Microsoft Visual Studio Solution File, Format Version 12.00
# Visual Studio 14
VisualStudioVersion = 14.0.23107.0
MinimumVisualStudioVersion = 10.0.40219.1
Project("{FAE04EC0-301F-11D3-BF4B-00C04F79EFBC}") = "MSCFB", "MSCFB\MSCFB.csproj", "{EFB390A2-E5E9-4B3C-98A1-5B91C678E80C}"
EndProject
Project("{FAE04EC0-301F-11D3-BF4B-00C04F79EFBC}") = "test", "test\test.csproj", "{86C02D9A-E944-4ED3-9E45-CC37F36C6513}"
EndProject
Project("{2150E333-8FDC-42A3-9474-1A3956D46DE8}") = "Emails", "Emails", "{F3D4AF78-86C5-4DAB-88D9-50784BEE4445}"
	ProjectSection(SolutionItems) = preProject
		test\empty.msg = test\empty.msg
	EndProjectSection
EndProject
Project("{8BC9CEB8-8B4A-11D0-8D11-00A0C91BC942}") = "MyCollectionClass", "MyCollectionClass\MyCollectionClass.vcxproj", "{6139687C-4ABD-4A9C-AFC3-EC563D019227}"
EndProject
Project("{FAE04EC0-301F-11D3-BF4B-00C04F79EFBC}") = "RedBlackCS", "..\..\..\..\Downloads\RedBlackCS_src\RedBlackCS\RedBlackCS.csproj", "{C2816E8D-4CF0-4A84-9EC9-E8B30A0DF1C0}"
EndProject
Global
	GlobalSection(SolutionConfigurationPlatforms) = preSolution
		Debug|Any CPU = Debug|Any CPU
		Debug|x64 = Debug|x64
		Debug|x86 = Debug|x86
		Release|Any CPU = Release|Any CPU
		Release|x64 = Release|x64
		Release|x86 = Release|x86
	EndGlobalSection
	GlobalSection(ProjectConfigurationPlatforms) = postSolution
		{EFB390A2-E5E9-4B3C-98A1-5B91C678E80C}.Debug|Any CPU.ActiveCfg = Debug|Any CPU
		{EFB390A2-E5E9-4B3C-98A1-5B91C678E80C}.Debug|Any CPU.Build.0 = Debug|Any CPU
		{EFB390A2-E5E9-4B3C-98A1-5B91C678E80C}.Debug|x64.ActiveCfg = Debug|Any CPU
		{EFB390A2-E5E9-4B3C-98A1-5B91C678E80C}.Debug|x64.Build.0 = Debug|Any CPU
		{EFB390A2-E5E9-4B3C-98A1-5B91C678E80C}.Debug|x86.ActiveCfg = Debug|Any CPU
		{EFB390A2-E5E9-4B3C-98A1-5B91C678E80C}.Debug|x86.Build.0 = Debug|Any CPU
		{EFB390A2-E5E9-4B3C-98A1-5B91C678E80C}.Release|Any CPU.ActiveCfg = Release|Any CPU
		{EFB390A2-E5E9-4B3C-98A1-5B91C678E80C}.Release|Any CPU.Build.0 = Release|Any CPU
		{EFB390A2-E5E9-4B3C-98A1-5B91C678E80C}.Release|x64.ActiveCfg = Release|Any CPU
		{EFB390A2-E5E9-4B3C-98A1-5B91C678E80C}.Release|x64.Build.0 = Release|Any CPU
		{EFB390A2-E5E9-4B3C-98A1-5B91C678E80C}.Release|x86.ActiveCfg = Release|Any CPU
		{EFB390A2-E5E9-4B3C-98A1-5B91C678E80C}.Release|x86.Build.0 = Release|Any CPU
		{86C02D9A-E944-4ED3-9E45-CC37F36C6513}.Debug|Any CPU.ActiveCfg = Debug|Any CPU
		{86C02D9A-E944-4ED3-9E45-CC37F36C6513}.Debug|Any CPU.Build.0 = Debug|Any CPU
		{86C02D9A-E944-4ED3-9E45-CC37F36C6513}.Debug|x64.ActiveCfg = Debug|Any CPU
		{86C02D9A-E944-4ED3-9E45-CC37F36C6513}.Debug|x64.Build.0 = Debug|Any CPU
		{86C02D9A-E944-4ED3-9E45-CC37F36C6513}.Debug|x86.ActiveCfg = Debug|Any CPU
		{86C02D9A-E944-4ED3-9E45-CC37F36C6513}.Debug|x86.Build.0 = Debug|Any CPU
		{86C02D9A-E944-4ED3-9E45-CC37F36C6513}.Release|Any CPU.ActiveCfg = Release|Any CPU
		{86C02D9A-E944-4ED3-9E45-CC37F36C6513}.Release|Any CPU.Build.0 = Release|Any CPU
		{86C02D9A-E944-4ED3-9E45-CC37F36C6513}.Release|x64.ActiveCfg = Release|Any CPU
		{86C02D9A-E944-4ED3-9E45-CC37F36C6513}.Release|x64.Build.0 = Release|Any CPU
		{86C02D9A-E944-4ED3-9E45-CC37F36C6513}.Release|x86.ActiveCfg = Release|Any CPU
		{86C02D9A-E944-4ED3-9E45-CC37F36C6513}.Release|x86.Build.0 = Release|Any CPU
		{6139687C-4ABD-4A9C-AFC3-EC563D019227}.Debug|Any CPU.ActiveCfg = Debug|Win32
		{6139687C-4ABD-4A9C-AFC3-EC563D019227}.Debug|x64.ActiveCfg = Debug|x64
		{6139687C-4ABD-4A9C-AFC3-EC563D019227}.Debug|x64.Build.0 = Debug|x64
		{6139687C-4ABD-4A9C-AFC3-EC563D019227}.Debug|x86.ActiveCfg = Debug|Win32
		{6139687C-4ABD-4A9C-AFC3-EC563D019227}.Debug|x86.Build.0 = Debug|Win32
		{6139687C-4ABD-4A9C-AFC3-EC563D019227}.Release|Any CPU.ActiveCfg = Release|Win32
		{6139687C-4ABD-4A9C-AFC3-EC563D019227}.Release|x64.ActiveCfg = Release|x64
		{6139687C-4ABD-4A9C-AFC3-EC563D019227}.Release|x64.Build.0 = Release|x64
		{6139687C-4ABD-4A9C-AFC3-EC563D019227}.Release|x86.ActiveCfg = Release|Win32
		{6139687C-4ABD-4A9C-AFC3-EC563D019227}.Release|x86.Build.0 = Release|Win32
		{C2816E8D-4CF0-4A84-9EC9-E8B30A0DF1C0}.Debug|Any CPU.ActiveCfg = Debug|Any CPU
		{C2816E8D-4CF0-4A84-9EC9-E8B30A0DF1C0}.Debug|Any CPU.Build.0 = Debug|Any CPU
		{C2816E8D-4CF0-4A84-9EC9-E8B30A0DF1C0}.Debug|x64.ActiveCfg = Debug|Any CPU
		{C2816E8D-4CF0-4A84-9EC9-E8B30A0DF1C0}.Debug|x64.Build.0 = Debug|Any CPU
		{C2816E8D-4CF0-4A84-9EC9-E8B30A0DF1C0}.Debug|x86.ActiveCfg = Debug|Any CPU
		{C2816E8D-4CF0-4A84-9EC9-E8B30A0DF1C0}.Debug|x86.Build.0 = Debug|Any CPU
		{C2816E8D-4CF0-4A84-9EC9-E8B30A0DF1C0}.Release|Any CPU.ActiveCfg = Release|Any CPU
		{C2816E8D-4CF0-4A84-9EC9-E8B30A0DF1C0}.Release|Any CPU.Build.0 = Release|Any CPU
		{C2816E8D-4CF0-4A84-9EC9-E8B30A0DF1C0}.Release|x64.ActiveCfg = Release|Any CPU
		{C2816E8D-4CF0-4A84-9EC9-E8B30A0DF1C0}.Release|x64.Build.0 = Release|Any CPU
		{C2816E8D-4CF0-4A84-9EC9-E8B30A0DF1C0}.Release|x86.ActiveCfg = Release|Any CPU
		{C2816E8D-4CF0-4A84-9EC9-E8B30A0DF1C0}.Release|x86.Build.0 = Release|Any CPU
	EndGlobalSection
	GlobalSection(SolutionProperties) = preSolution
		HideSolutionNode = FALSE
	EndGlobalSection
EndGlobal
